
Microsoft Visual Studio Solution File, Format Version 12.00
# Visual Studio Version 16
VisualStudioVersion = 16.0.31410.357
MinimumVisualStudioVersion = 10.0.40219.1
Project("{FAE04EC0-301F-11D3-BF4B-00C04F79EFBC}") = "UnicodeConverter", "UnicodeToKantipur\UnicodeConverter.csproj", "{D887ABF1-C187-4C0D-9D10-88A106DAFFCD}"
EndProject
Project("{FAE04EC0-301F-11D3-BF4B-00C04F79EFBC}") = "UnicodeWeb", "UnicodeWeb\UnicodeWeb.csproj", "{BD9C6D46-3D81-4CE5-9211-39548EF99473}"
EndProject
Global
	GlobalSection(SolutionConfigurationPlatforms) = preSolution
		Debug|Any CPU = Debug|Any CPU
		Release|Any CPU = Release|Any CPU
	EndGlobalSection
	GlobalSection(ProjectConfigurationPlatforms) = postSolution
		{D887ABF1-C187-4C0D-9D10-88A106DAFFCD}.Debug|Any CPU.ActiveCfg = Debug|Any CPU
		{D887ABF1-C187-4C0D-9D10-88A106DAFFCD}.Debug|Any CPU.Build.0 = Debug|Any CPU
		{D887ABF1-C187-4C0D-9D10-88A106DAFFCD}.Release|Any CPU.ActiveCfg = Release|Any CPU
		{D887ABF1-C187-4C0D-9D10-88A106DAFFCD}.Release|Any CPU.Build.0 = Release|Any CPU
		{BD9C6D46-3D81-4CE5-9211-39548EF99473}.Debug|Any CPU.ActiveCfg = Debug|Any CPU
		{BD9C6D46-3D81-4CE5-9211-39548EF99473}.Debug|Any CPU.Build.0 = Debug|Any CPU
		{BD9C6D46-3D81-4CE5-9211-39548EF99473}.Release|Any CPU.ActiveCfg = Release|Any CPU
		{BD9C6D46-3D81-4CE5-9211-39548EF99473}.Release|Any CPU.Build.0 = Release|Any CPU
	EndGlobalSection
	GlobalSection(SolutionProperties) = preSolution
		HideSolutionNode = FALSE
	EndGlobalSection
	GlobalSection(ExtensibilityGlobals) = postSolution
		SolutionGuid = {A4C87606-8FE2-4885-8338-BF36AA5633C8}
	EndGlobalSection
EndGlobal
